
Microsoft Visual Studio Solution File, Format Version 12.00
# Visual Studio Version 17
VisualStudioVersion = 17.9.34723.18
MinimumVisualStudioVersion = 10.0.40219.1
Project("{FAE04EC0-301F-11D3-BF4B-00C04F79EFBC}") = "pryEspeche_controlTiempo", "pryEspeche_controlTiempo\pryEspeche_controlTiempo.csproj", "{225B3F63-885B-4C2C-89D0-EBD03A8BFAFA}"
EndProject
Global
	GlobalSection(SolutionConfigurationPlatforms) = preSolution
		Debug|Any CPU = Debug|Any CPU
		Release|Any CPU = Release|Any CPU
	EndGlobalSection
	GlobalSection(ProjectConfigurationPlatforms) = postSolution
		{225B3F63-885B-4C2C-89D0-EBD03A8BFAFA}.Debug|Any CPU.ActiveCfg = Debug|Any CPU
		{225B3F63-885B-4C2C-89D0-EBD03A8BFAFA}.Debug|Any CPU.Build.0 = Debug|Any CPU
		{225B3F63-885B-4C2C-89D0-EBD03A8BFAFA}.Release|Any CPU.ActiveCfg = Release|Any CPU
		{225B3F63-885B-4C2C-89D0-EBD03A8BFAFA}.Release|Any CPU.Build.0 = Release|Any CPU
	EndGlobalSection
	GlobalSection(SolutionProperties) = preSolution
		HideSolutionNode = FALSE
	EndGlobalSection
	GlobalSection(ExtensibilityGlobals) = postSolution
		SolutionGuid = {B28FA94D-C01D-4565-881D-FF8DD977B952}
	EndGlobalSection
EndGlobal
